// !$*UTF8*$!
{
	archiveVersion = 1;
	classes = {
	};
	objectVersion = 54;
	objects = {

/* Begin PBXBuildFile section */
		063B585529AAAC4B178633EE /* Assets.xcassets in Resources */ = {isa = PBXBuildFile; fileRef = BA3EED78DF83F7933ECF5C03 /* Assets.xcassets */; };
		0B27CD373105ED6C864E8106 /* ReconnectingView.swift in Sources */ = {isa = PBXBuildFile; fileRef = 679FFFEBC436DED48BAA1159 /* ReconnectingView.swift */; };
		0B7840BD4F41FB37BE089574 /* Preview Assets.xcassets in Resources */ = {isa = PBXBuildFile; fileRef = A95E7BA6F19227C19A0B5AEB /* Preview Assets.xcassets */; };
		12260BC9457C5D61E22E318F /* Assets.xcassets in Resources */ = {isa = PBXBuildFile; fileRef = BA3EED78DF83F7933ECF5C03 /* Assets.xcassets */; };
		14C705F5C5D2960139D86885 /* LiveViewNativeLiveForm in Frameworks */ = {isa = PBXBuildFile; productRef = BA151B72481CCB66440C0672 /* LiveViewNativeLiveForm */; };
		3B5B79A4C8155999D42BB129 /* ErrorView.swift in Sources */ = {isa = PBXBuildFile; fileRef = 03C0B4D3E21E1115EED2792E /* ErrorView.swift */; };
		44FB7D4D90088EB95367975F /* TicTacToe.swift in Sources */ = {isa = PBXBuildFile; fileRef = E39A464669623BB76B2D67FE /* TicTacToe.swift */; };
		4FDDABBAFE7D704E3AE0A0B8 /* ConnectingView.swift in Sources */ = {isa = PBXBuildFile; fileRef = EE7E16CCFE697B9C7DA9213A /* ConnectingView.swift */; };
		596B53172C7F1A93759E1935 /* LiveViewNative in Frameworks */ = {isa = PBXBuildFile; productRef = 9C864E3676C7D16C2B31322D /* LiveViewNative */; };
		5DDC3DB4CF7E2A07C0FEBC26 /* ContentView.swift in Sources */ = {isa = PBXBuildFile; fileRef = 5E9B6E0310E615E832D01DAD /* ContentView.swift */; };
		702CB00952CA5F8D0533F1A7 /* DisconnectedView.swift in Sources */ = {isa = PBXBuildFile; fileRef = 083F7C883C1044E0A7E039C4 /* DisconnectedView.swift */; };
		703FC49F57BA96C80392B459 /* DisconnectedView.swift in Sources */ = {isa = PBXBuildFile; fileRef = 083F7C883C1044E0A7E039C4 /* DisconnectedView.swift */; };
		9A028AD3EC27942FF2E12D69 /* TicTacToe.swift in Sources */ = {isa = PBXBuildFile; fileRef = E39A464669623BB76B2D67FE /* TicTacToe.swift */; };
		9ED392440B059B627FB45F77 /* ErrorView.swift in Sources */ = {isa = PBXBuildFile; fileRef = 03C0B4D3E21E1115EED2792E /* ErrorView.swift */; };
		A6B6EF808F5E92705F06DE99 /* LiveViewNativeLiveForm in Frameworks */ = {isa = PBXBuildFile; productRef = 87A37BC30FEABD27C0BF6F13 /* LiveViewNativeLiveForm */; };
		B74A47ED93F6C2E547AD8B5D /* ContentView.swift in Sources */ = {isa = PBXBuildFile; fileRef = 5E9B6E0310E615E832D01DAD /* ContentView.swift */; };
		D3F2B828F2EBCE6B470E1641 /* ReconnectingView.swift in Sources */ = {isa = PBXBuildFile; fileRef = 679FFFEBC436DED48BAA1159 /* ReconnectingView.swift */; };
		E6D3D75FD1AF31623BDC4622 /* ConnectingView.swift in Sources */ = {isa = PBXBuildFile; fileRef = EE7E16CCFE697B9C7DA9213A /* ConnectingView.swift */; };
		EA7209C23FD228C31184520F /* Preview Assets.xcassets in Resources */ = {isa = PBXBuildFile; fileRef = A95E7BA6F19227C19A0B5AEB /* Preview Assets.xcassets */; };
		ECA960560EEED638E290AB43 /* LiveViewNative in Frameworks */ = {isa = PBXBuildFile; productRef = CEB7814A39F12A7939DAB16E /* LiveViewNative */; };
/* End PBXBuildFile section */

/* Begin PBXFileReference section */
		03C0B4D3E21E1115EED2792E /* ErrorView.swift */ = {isa = PBXFileReference; lastKnownFileType = sourcecode.swift; path = ErrorView.swift; sourceTree = "<group>"; };
		083F7C883C1044E0A7E039C4 /* DisconnectedView.swift */ = {isa = PBXFileReference; lastKnownFileType = sourcecode.swift; path = DisconnectedView.swift; sourceTree = "<group>"; };
		10A2EDD537B9DA33B2CFDD77 /* TicTacToe Watch App.app */ = {isa = PBXFileReference; explicitFileType = wrapper.application; includeInIndex = 0; path = "TicTacToe Watch App.app"; sourceTree = BUILT_PRODUCTS_DIR; };
		5E9B6E0310E615E832D01DAD /* ContentView.swift */ = {isa = PBXFileReference; lastKnownFileType = sourcecode.swift; path = ContentView.swift; sourceTree = "<group>"; };
		679FFFEBC436DED48BAA1159 /* ReconnectingView.swift */ = {isa = PBXFileReference; lastKnownFileType = sourcecode.swift; path = ReconnectingView.swift; sourceTree = "<group>"; };
		8F394505B183A24C2007014F /* TicTacToe.app */ = {isa = PBXFileReference; includeInIndex = 0; lastKnownFileType = wrapper.application; path = TicTacToe.app; sourceTree = BUILT_PRODUCTS_DIR; };
		A95E7BA6F19227C19A0B5AEB /* Preview Assets.xcassets */ = {isa = PBXFileReference; lastKnownFileType = folder.assetcatalog; path = "Preview Assets.xcassets"; sourceTree = "<group>"; };
		BA3EED78DF83F7933ECF5C03 /* Assets.xcassets */ = {isa = PBXFileReference; lastKnownFileType = folder.assetcatalog; path = Assets.xcassets; sourceTree = "<group>"; };
		E39A464669623BB76B2D67FE /* TicTacToe.swift */ = {isa = PBXFileReference; lastKnownFileType = sourcecode.swift; path = TicTacToe.swift; sourceTree = "<group>"; };
		EE7E16CCFE697B9C7DA9213A /* ConnectingView.swift */ = {isa = PBXFileReference; lastKnownFileType = sourcecode.swift; path = ConnectingView.swift; sourceTree = "<group>"; };
/* End PBXFileReference section */

/* Begin PBXFrameworksBuildPhase section */
		3C654A18641CF7E8A7487679 /* Frameworks */ = {
			isa = PBXFrameworksBuildPhase;
			buildActionMask = 2147483647;
			files = (
				596B53172C7F1A93759E1935 /* LiveViewNative in Frameworks */,
				A6B6EF808F5E92705F06DE99 /* LiveViewNativeLiveForm in Frameworks */,
			);
			runOnlyForDeploymentPostprocessing = 0;
		};
		45CD024939CBB633EAD16C15 /* Frameworks */ = {
			isa = PBXFrameworksBuildPhase;
			buildActionMask = 2147483647;
			files = (
				ECA960560EEED638E290AB43 /* LiveViewNative in Frameworks */,
				14C705F5C5D2960139D86885 /* LiveViewNativeLiveForm in Frameworks */,
			);
			runOnlyForDeploymentPostprocessing = 0;
		};
/* End PBXFrameworksBuildPhase section */

/* Begin PBXGroup section */
		269591EBEFECBF184EFDEDB0 /* TicTacToe */ = {
			isa = PBXGroup;
			children = (
				C1FAD1AB44543BB861C8A644 /* Preview Content */,
				BA3EED78DF83F7933ECF5C03 /* Assets.xcassets */,
				EE7E16CCFE697B9C7DA9213A /* ConnectingView.swift */,
				5E9B6E0310E615E832D01DAD /* ContentView.swift */,
				083F7C883C1044E0A7E039C4 /* DisconnectedView.swift */,
				03C0B4D3E21E1115EED2792E /* ErrorView.swift */,
				679FFFEBC436DED48BAA1159 /* ReconnectingView.swift */,
				E39A464669623BB76B2D67FE /* TicTacToe.swift */,
			);
			path = TicTacToe;
			sourceTree = "<group>";
		};
		A4DB59ECA06F2FA3AED5AF4E /* Products */ = {
			isa = PBXGroup;
			children = (
				10A2EDD537B9DA33B2CFDD77 /* TicTacToe Watch App.app */,
				8F394505B183A24C2007014F /* TicTacToe.app */,
			);
			name = Products;
			sourceTree = "<group>";
		};
		C1FAD1AB44543BB861C8A644 /* Preview Content */ = {
			isa = PBXGroup;
			children = (
				A95E7BA6F19227C19A0B5AEB /* Preview Assets.xcassets */,
			);
			path = "Preview Content";
			sourceTree = "<group>";
		};
		E48315C56A710E3A88C7D978 = {
			isa = PBXGroup;
			children = (
				269591EBEFECBF184EFDEDB0 /* TicTacToe */,
				A4DB59ECA06F2FA3AED5AF4E /* Products */,
			);
			sourceTree = "<group>";
		};
/* End PBXGroup section */

/* Begin PBXNativeTarget section */
		52D3DECDBDF12D75877C7B4C /* TicTacToe Watch App */ = {
			isa = PBXNativeTarget;
			buildConfigurationList = 0227C6418125EF2F816B5CF9 /* Build configuration list for PBXNativeTarget "TicTacToe Watch App" */;
			buildPhases = (
				CEE422558100126A989AB43C /* Sources */,
				E7BDA3B5288A0425DD4CC479 /* Resources */,
				3C654A18641CF7E8A7487679 /* Frameworks */,
			);
			buildRules = (
			);
			dependencies = (
			);
			name = "TicTacToe Watch App";
			packageProductDependencies = (
				9C864E3676C7D16C2B31322D /* LiveViewNative */,
				87A37BC30FEABD27C0BF6F13 /* LiveViewNativeLiveForm */,
			);
			productName = "TicTacToe Watch App";
			productReference = 10A2EDD537B9DA33B2CFDD77 /* TicTacToe Watch App.app */;
			productType = "com.apple.product-type.application";
		};
		7D4FF98E1FC5D589ABB0C721 /* TicTacToe */ = {
			isa = PBXNativeTarget;
			buildConfigurationList = 707D2CF78CB05A57F16223A3 /* Build configuration list for PBXNativeTarget "TicTacToe" */;
			buildPhases = (
				F664E72F919B5C514EA16EF1 /* Sources */,
				C57CEFE21E7C69279DB9A5D4 /* Resources */,
				45CD024939CBB633EAD16C15 /* Frameworks */,
			);
			buildRules = (
			);
			dependencies = (
			);
			name = TicTacToe;
			packageProductDependencies = (
				CEB7814A39F12A7939DAB16E /* LiveViewNative */,
				BA151B72481CCB66440C0672 /* LiveViewNativeLiveForm */,
			);
			productName = TicTacToe;
			productReference = 8F394505B183A24C2007014F /* TicTacToe.app */;
			productType = "com.apple.product-type.application";
		};
/* End PBXNativeTarget section */

/* Begin PBXProject section */
		5D387E305A5A1BD82E06155C /* Project object */ = {
			isa = PBXProject;
			attributes = {
				BuildIndependentTargetsInParallel = YES;
				LastUpgradeCheck = 1430;
				TargetAttributes = {
				};
			};
			buildConfigurationList = 76457DD40CB1D59F1EECA485 /* Build configuration list for PBXProject "TicTacToe" */;
			compatibilityVersion = "Xcode 14.0";
			developmentRegion = en;
			hasScannedForEncodings = 0;
			knownRegions = (
				Base,
				en,
			);
			mainGroup = E48315C56A710E3A88C7D978;
			packageReferences = (
				7355740C8D243BB3B3688309 /* XCRemoteSwiftPackageReference "liveview-client-swiftui" */,
				7A4DBE8702C978646BF6ADEC /* XCRemoteSwiftPackageReference "liveview-native-live-form" */,
			);
			projectDirPath = "";
			projectRoot = "";
			targets = (
				7D4FF98E1FC5D589ABB0C721 /* TicTacToe */,
				52D3DECDBDF12D75877C7B4C /* TicTacToe Watch App */,
			);
		};
/* End PBXProject section */

/* Begin PBXResourcesBuildPhase section */
		C57CEFE21E7C69279DB9A5D4 /* Resources */ = {
			isa = PBXResourcesBuildPhase;
			buildActionMask = 2147483647;
			files = (
				12260BC9457C5D61E22E318F /* Assets.xcassets in Resources */,
				EA7209C23FD228C31184520F /* Preview Assets.xcassets in Resources */,
			);
			runOnlyForDeploymentPostprocessing = 0;
		};
		E7BDA3B5288A0425DD4CC479 /* Resources */ = {
			isa = PBXResourcesBuildPhase;
			buildActionMask = 2147483647;
			files = (
				063B585529AAAC4B178633EE /* Assets.xcassets in Resources */,
				0B7840BD4F41FB37BE089574 /* Preview Assets.xcassets in Resources */,
			);
			runOnlyForDeploymentPostprocessing = 0;
		};
/* End PBXResourcesBuildPhase section */

/* Begin PBXSourcesBuildPhase section */
		CEE422558100126A989AB43C /* Sources */ = {
			isa = PBXSourcesBuildPhase;
			buildActionMask = 2147483647;
			files = (
				4FDDABBAFE7D704E3AE0A0B8 /* ConnectingView.swift in Sources */,
				5DDC3DB4CF7E2A07C0FEBC26 /* ContentView.swift in Sources */,
				702CB00952CA5F8D0533F1A7 /* DisconnectedView.swift in Sources */,
				3B5B79A4C8155999D42BB129 /* ErrorView.swift in Sources */,
				D3F2B828F2EBCE6B470E1641 /* ReconnectingView.swift in Sources */,
				9A028AD3EC27942FF2E12D69 /* TicTacToe.swift in Sources */,
			);
			runOnlyForDeploymentPostprocessing = 0;
		};
		F664E72F919B5C514EA16EF1 /* Sources */ = {
			isa = PBXSourcesBuildPhase;
			buildActionMask = 2147483647;
			files = (
				E6D3D75FD1AF31623BDC4622 /* ConnectingView.swift in Sources */,
				B74A47ED93F6C2E547AD8B5D /* ContentView.swift in Sources */,
				703FC49F57BA96C80392B459 /* DisconnectedView.swift in Sources */,
				9ED392440B059B627FB45F77 /* ErrorView.swift in Sources */,
				0B27CD373105ED6C864E8106 /* ReconnectingView.swift in Sources */,
				44FB7D4D90088EB95367975F /* TicTacToe.swift in Sources */,
			);
			runOnlyForDeploymentPostprocessing = 0;
		};
/* End PBXSourcesBuildPhase section */

/* Begin XCBuildConfiguration section */
		08BDD8D611C1180FC61E2D79 /* Debug */ = {
			isa = XCBuildConfiguration;
			buildSettings = {
				ASSETCATALOG_COMPILER_APPICON_NAME = AppIcon;
				CODE_SIGN_IDENTITY = "iPhone Developer";
				LD_RUNPATH_SEARCH_PATHS = (
					"$(inherited)",
					"@executable_path/Frameworks",
				);
				PRODUCT_BUNDLE_IDENTIFIER = com.example.TicTacToe;
				SDKROOT = auto;
				SUPPORTED_PLATFORMS = "iphoneos iphonesimulator appletvos appletvsimulator macosx";
				SUPPORTS_MACCATALYST = NO;
				SUPPORTS_MAC_DESIGNED_FOR_IPHONE_IPAD = NO;
				SUPPORTS_XR_DESIGNED_FOR_IPHONE_IPAD = YES;
				TARGETED_DEVICE_FAMILY = "1,2,3";
			};
			name = Debug;
		};
		12A09F43051CE3F491136BEE /* Release */ = {
			isa = XCBuildConfiguration;
			buildSettings = {
				ASSETCATALOG_COMPILER_APPICON_NAME = AppIcon;
				PRODUCT_BUNDLE_IDENTIFIER = com.example.TicTacToe.watchkit;
				SDKROOT = watchos;
				SKIP_INSTALL = YES;
				TARGETED_DEVICE_FAMILY = 4;
			};
			name = Release;
		};
		51D0CD5B2F7F4F0409F4E998 /* Debug */ = {
			isa = XCBuildConfiguration;
			buildSettings = {
				ALWAYS_SEARCH_USER_PATHS = NO;
				ASSETCATALOG_COMPILER_GENERATE_SWIFT_ASSET_SYMBOL_EXTENSIONS = YES;
				CLANG_ANALYZER_NONNULL = YES;
				CLANG_ANALYZER_NUMBER_OBJECT_CONVERSION = YES_AGGRESSIVE;
				CLANG_CXX_LANGUAGE_STANDARD = "gnu++14";
				CLANG_CXX_LIBRARY = "libc++";
				CLANG_ENABLE_MODULES = YES;
				CLANG_ENABLE_OBJC_ARC = YES;
				CLANG_ENABLE_OBJC_WEAK = YES;
				CLANG_WARN_BLOCK_CAPTURE_AUTORELEASING = YES;
				CLANG_WARN_BOOL_CONVERSION = YES;
				CLANG_WARN_COMMA = YES;
				CLANG_WARN_CONSTANT_CONVERSION = YES;
				CLANG_WARN_DEPRECATED_OBJC_IMPLEMENTATIONS = YES;
				CLANG_WARN_DIRECT_OBJC_ISA_USAGE = YES_ERROR;
				CLANG_WARN_DOCUMENTATION_COMMENTS = YES;
				CLANG_WARN_EMPTY_BODY = YES;
				CLANG_WARN_ENUM_CONVERSION = YES;
				CLANG_WARN_INFINITE_RECURSION = YES;
				CLANG_WARN_INT_CONVERSION = YES;
				CLANG_WARN_NON_LITERAL_NULL_CONVERSION = YES;
				CLANG_WARN_OBJC_IMPLICIT_RETAIN_SELF = YES;
				CLANG_WARN_OBJC_LITERAL_CONVERSION = YES;
				CLANG_WARN_OBJC_ROOT_CLASS = YES_ERROR;
				CLANG_WARN_QUOTED_INCLUDE_IN_FRAMEWORK_HEADER = YES;
				CLANG_WARN_RANGE_LOOP_ANALYSIS = YES;
				CLANG_WARN_STRICT_PROTOTYPES = YES;
				CLANG_WARN_SUSPICIOUS_MOVE = YES;
				CLANG_WARN_UNGUARDED_AVAILABILITY = YES_AGGRESSIVE;
				CLANG_WARN_UNREACHABLE_CODE = YES;
				CLANG_WARN__DUPLICATE_METHOD_MATCH = YES;
				COPY_PHASE_STRIP = NO;
				CURRENT_PROJECT_VERSION = 1.0;
				DEAD_CODE_STRIPPING = YES;
				DEBUG_INFORMATION_FORMAT = dwarf;
				ENABLE_STRICT_OBJC_MSGSEND = YES;
				ENABLE_TESTABILITY = YES;
				ENABLE_USER_SCRIPT_SANDBOXING = YES;
				GCC_C_LANGUAGE_STANDARD = gnu11;
				GCC_DYNAMIC_NO_PIC = NO;
				GCC_NO_COMMON_BLOCKS = YES;
				GCC_OPTIMIZATION_LEVEL = 0;
				GCC_PREPROCESSOR_DEFINITIONS = (
					"$(inherited)",
					"DEBUG=1",
				);
				GCC_WARN_64_TO_32_BIT_CONVERSION = YES;
				GCC_WARN_ABOUT_RETURN_TYPE = YES_ERROR;
				GCC_WARN_UNDECLARED_SELECTOR = YES;
				GCC_WARN_UNINITIALIZED_AUTOS = YES_AGGRESSIVE;
				GCC_WARN_UNUSED_FUNCTION = YES;
				GCC_WARN_UNUSED_VARIABLE = YES;
				GENERATE_INFOPLIST_FILE = YES;
				INFOPLIST_KEY_CFBundleDisplayName = TicTacToe;
				INFOPLIST_KEY_UILaunchScreen_Generation = YES;
				INFOPLIST_KEY_WKCompanionAppBundleIdentifier = com.example.TicTacToe;
				INFOPLIST_KEY_WKRunsIndependentlyOfCompanionApp = YES;
				IPHONEOS_DEPLOYMENT_TARGET = 16.0;
				MACOSX_DEPLOYMENT_TARGET = 13.0;
				MARKETING_VERSION = 1.0;
				MTL_ENABLE_DEBUG_INFO = INCLUDE_SOURCE;
				MTL_FAST_MATH = YES;
				ONLY_ACTIVE_ARCH = YES;
				PRODUCT_NAME = "$(TARGET_NAME)";
				SWIFT_ACTIVE_COMPILATION_CONDITIONS = DEBUG;
				SWIFT_OPTIMIZATION_LEVEL = "-Onone";
				SWIFT_VERSION = 5.0;
				TVOS_DEPLOYMENT_TARGET = 16.0;
				WATCHOS_DEPLOYMENT_TARGET = 9.0;
			};
			name = Debug;
		};
		73477E56C908FC2ADE16BCBC /* Debug */ = {
			isa = XCBuildConfiguration;
			buildSettings = {
				ASSETCATALOG_COMPILER_APPICON_NAME = AppIcon;
				PRODUCT_BUNDLE_IDENTIFIER = com.example.TicTacToe.watchkit;
				SDKROOT = watchos;
				SKIP_INSTALL = YES;
				TARGETED_DEVICE_FAMILY = 4;
			};
			name = Debug;
		};
		9D798202BB77D9D96B53EBC6 /* Release */ = {
			isa = XCBuildConfiguration;
			buildSettings = {
				ASSETCATALOG_COMPILER_APPICON_NAME = AppIcon;
				CODE_SIGN_IDENTITY = "iPhone Developer";
				LD_RUNPATH_SEARCH_PATHS = (
					"$(inherited)",
					"@executable_path/Frameworks",
				);
				PRODUCT_BUNDLE_IDENTIFIER = com.example.TicTacToe;
				SDKROOT = auto;
				SUPPORTED_PLATFORMS = "iphoneos iphonesimulator appletvos appletvsimulator macosx";
				SUPPORTS_MACCATALYST = NO;
				SUPPORTS_MAC_DESIGNED_FOR_IPHONE_IPAD = NO;
				SUPPORTS_XR_DESIGNED_FOR_IPHONE_IPAD = YES;
				TARGETED_DEVICE_FAMILY = "1,2,3";
			};
			name = Release;
		};
		E3B6D7F534917ED159FF3BB5 /* Release */ = {
			isa = XCBuildConfiguration;
			buildSettings = {
				ALWAYS_SEARCH_USER_PATHS = NO;
				ASSETCATALOG_COMPILER_GENERATE_SWIFT_ASSET_SYMBOL_EXTENSIONS = YES;
				CLANG_ANALYZER_NONNULL = YES;
				CLANG_ANALYZER_NUMBER_OBJECT_CONVERSION = YES_AGGRESSIVE;
				CLANG_CXX_LANGUAGE_STANDARD = "gnu++14";
				CLANG_CXX_LIBRARY = "libc++";
				CLANG_ENABLE_MODULES = YES;
				CLANG_ENABLE_OBJC_ARC = YES;
				CLANG_ENABLE_OBJC_WEAK = YES;
				CLANG_WARN_BLOCK_CAPTURE_AUTORELEASING = YES;
				CLANG_WARN_BOOL_CONVERSION = YES;
				CLANG_WARN_COMMA = YES;
				CLANG_WARN_CONSTANT_CONVERSION = YES;
				CLANG_WARN_DEPRECATED_OBJC_IMPLEMENTATIONS = YES;
				CLANG_WARN_DIRECT_OBJC_ISA_USAGE = YES_ERROR;
				CLANG_WARN_DOCUMENTATION_COMMENTS = YES;
				CLANG_WARN_EMPTY_BODY = YES;
				CLANG_WARN_ENUM_CONVERSION = YES;
				CLANG_WARN_INFINITE_RECURSION = YES;
				CLANG_WARN_INT_CONVERSION = YES;
				CLANG_WARN_NON_LITERAL_NULL_CONVERSION = YES;
				CLANG_WARN_OBJC_IMPLICIT_RETAIN_SELF = YES;
				CLANG_WARN_OBJC_LITERAL_CONVERSION = YES;
				CLANG_WARN_OBJC_ROOT_CLASS = YES_ERROR;
				CLANG_WARN_QUOTED_INCLUDE_IN_FRAMEWORK_HEADER = YES;
				CLANG_WARN_RANGE_LOOP_ANALYSIS = YES;
				CLANG_WARN_STRICT_PROTOTYPES = YES;
				CLANG_WARN_SUSPICIOUS_MOVE = YES;
				CLANG_WARN_UNGUARDED_AVAILABILITY = YES_AGGRESSIVE;
				CLANG_WARN_UNREACHABLE_CODE = YES;
				CLANG_WARN__DUPLICATE_METHOD_MATCH = YES;
				COPY_PHASE_STRIP = NO;
				CURRENT_PROJECT_VERSION = 1.0;
				DEAD_CODE_STRIPPING = YES;
				DEBUG_INFORMATION_FORMAT = "dwarf-with-dsym";
				ENABLE_NS_ASSERTIONS = NO;
				ENABLE_STRICT_OBJC_MSGSEND = YES;
				ENABLE_USER_SCRIPT_SANDBOXING = YES;
				GCC_C_LANGUAGE_STANDARD = gnu11;
				GCC_NO_COMMON_BLOCKS = YES;
				GCC_WARN_64_TO_32_BIT_CONVERSION = YES;
				GCC_WARN_ABOUT_RETURN_TYPE = YES_ERROR;
				GCC_WARN_UNDECLARED_SELECTOR = YES;
				GCC_WARN_UNINITIALIZED_AUTOS = YES_AGGRESSIVE;
				GCC_WARN_UNUSED_FUNCTION = YES;
				GCC_WARN_UNUSED_VARIABLE = YES;
				GENERATE_INFOPLIST_FILE = YES;
				INFOPLIST_KEY_CFBundleDisplayName = TicTacToe;
				INFOPLIST_KEY_UILaunchScreen_Generation = YES;
				INFOPLIST_KEY_WKCompanionAppBundleIdentifier = com.example.TicTacToe;
				INFOPLIST_KEY_WKRunsIndependentlyOfCompanionApp = YES;
				IPHONEOS_DEPLOYMENT_TARGET = 16.0;
				MACOSX_DEPLOYMENT_TARGET = 13.0;
				MARKETING_VERSION = 1.0;
				MTL_ENABLE_DEBUG_INFO = NO;
				MTL_FAST_MATH = YES;
				PRODUCT_NAME = "$(TARGET_NAME)";
				SWIFT_COMPILATION_MODE = wholemodule;
				SWIFT_OPTIMIZATION_LEVEL = "-O";
				SWIFT_VERSION = 5.0;
				TVOS_DEPLOYMENT_TARGET = 16.0;
				WATCHOS_DEPLOYMENT_TARGET = 9.0;
			};
			name = Release;
		};
/* End XCBuildConfiguration section */

/* Begin XCConfigurationList section */
		0227C6418125EF2F816B5CF9 /* Build configuration list for PBXNativeTarget "TicTacToe Watch App" */ = {
			isa = XCConfigurationList;
			buildConfigurations = (
				73477E56C908FC2ADE16BCBC /* Debug */,
				12A09F43051CE3F491136BEE /* Release */,
			);
			defaultConfigurationIsVisible = 0;
			defaultConfigurationName = Debug;
		};
		707D2CF78CB05A57F16223A3 /* Build configuration list for PBXNativeTarget "TicTacToe" */ = {
			isa = XCConfigurationList;
			buildConfigurations = (
				08BDD8D611C1180FC61E2D79 /* Debug */,
				9D798202BB77D9D96B53EBC6 /* Release */,
			);
			defaultConfigurationIsVisible = 0;
			defaultConfigurationName = Debug;
		};
		76457DD40CB1D59F1EECA485 /* Build configuration list for PBXProject "TicTacToe" */ = {
			isa = XCConfigurationList;
			buildConfigurations = (
				51D0CD5B2F7F4F0409F4E998 /* Debug */,
				E3B6D7F534917ED159FF3BB5 /* Release */,
			);
			defaultConfigurationIsVisible = 0;
			defaultConfigurationName = Debug;
		};
/* End XCConfigurationList section */

/* Begin XCRemoteSwiftPackageReference section */
		7355740C8D243BB3B3688309 /* XCRemoteSwiftPackageReference "liveview-client-swiftui" */ = {
			isa = XCRemoteSwiftPackageReference;
			repositoryURL = "https://github.com/liveview-native/liveview-client-swiftui";
			requirement = {
				kind = upToNextMajorVersion;
				minimumVersion = "0.4.0-rc.1";
			};
		};
		7A4DBE8702C978646BF6ADEC /* XCRemoteSwiftPackageReference "liveview-native-live-form" */ = {
			isa = XCRemoteSwiftPackageReference;
			repositoryURL = "https://github.com/liveview-native/liveview-native-live-form";
			requirement = {
				kind = upToNextMajorVersion;
				minimumVersion = "0.4.0-rc.1";
			};
		};
/* End XCRemoteSwiftPackageReference section */

/* Begin XCSwiftPackageProductDependency section */
		87A37BC30FEABD27C0BF6F13 /* LiveViewNativeLiveForm */ = {
			isa = XCSwiftPackageProductDependency;
			package = 7A4DBE8702C978646BF6ADEC /* XCRemoteSwiftPackageReference "liveview-native-live-form" */;
			productName = LiveViewNativeLiveForm;
		};
		9C864E3676C7D16C2B31322D /* LiveViewNative */ = {
			isa = XCSwiftPackageProductDependency;
			package = 7355740C8D243BB3B3688309 /* XCRemoteSwiftPackageReference "liveview-client-swiftui" */;
			productName = LiveViewNative;
		};
		BA151B72481CCB66440C0672 /* LiveViewNativeLiveForm */ = {
			isa = XCSwiftPackageProductDependency;
			package = 7A4DBE8702C978646BF6ADEC /* XCRemoteSwiftPackageReference "liveview-native-live-form" */;
			productName = LiveViewNativeLiveForm;
		};
		CEB7814A39F12A7939DAB16E /* LiveViewNative */ = {
			isa = XCSwiftPackageProductDependency;
			package = 7355740C8D243BB3B3688309 /* XCRemoteSwiftPackageReference "liveview-client-swiftui" */;
			productName = LiveViewNative;
		};
/* End XCSwiftPackageProductDependency section */
	};
	rootObject = 5D387E305A5A1BD82E06155C /* Project object */;
}
